{
  "nodes": {
    "flake-programs-sqlite": {
      "inputs": {
        "nixpkgs": [
          "nixpkgs"
        ],
        "utils": "utils"
      },
      "locked": {
        "lastModified": 1789332322,
        "narHash": "sha256-H4lKAafsCnYCqnfv3igZoeiHazHh37nxS/DfP+flA6Y=",
        "owner": "wamserma",
        "repo": "flake-programs-sqlite",
        "rev": "b6f6c2b1314c5d0c10e8eab62b855823e2fb2b3e",
        "type": "github"
      },
      "original": {
        "owner": "wamserma",
        "repo": "flake-programs-sqlite",
        "type": "github"
      }
    },
    "home-manager": {
      "inputs": {
        "nixpkgs": [
          "nixpkgs"
        ]
      },
      "locked": {
        "lastModified": 1789339793,
        "narHash": "sha256-1TGxgma8jQGhw0yfjyndwPhgcoXAYtlSm4ezENVzrPA=",
        "owner": "nix-community",
        "repo": "home-manager",
        "rev": "dd0b74e2b53eb6aa03fe120fcc00a4d37cc288f8",
        "type": "github"
      },
      "original": {
        "owner": "nix-community",
        "repo": "home-manager",
        "type": "github"
      }
    },
    "hyprscape": {
      "inputs": {
        "nixpkgs": [
          "nixpkgs"
        ]
      },
      "locked": {
        "lastModified": 1788871699,
        "narHash": "sha256-J3A7IwTv7gIH6KGE68X4La4HakP29Mw5vf1Abnh4zho=",
        "owner": "cybergaz",
        "repo": "hyprscape",
        "rev": "e2f2270c0514fe256de04615c6874b8b0dd8e4e4",
        "type": "github"
      },
      "original": {
        "owner": "cybergaz",
        "repo": "hyprscape",
        "type": "github"
      }
    },
    "niri": {
      "inputs": {
        "nixpkgs": [
          "nixpkgs"
        ]
      },
      "locked": {
        "lastModified": 1789308908,
        "narHash": "sha256-rKf+kiqygvn1DjpNRlHVkbXnABLGpd/N6Gg+t2POEQM=",
        "owner": "niri-wm",
        "repo": "niri",
        "rev": "66d04a7d72e25a6c74307bab33a91924d124755d",
        "type": "github"
      },
      "original": {
        "owner": "niri-wm",
        "repo": "niri",
        "type": "github"
      }
    },
    "nixpkgs": {
      "locked": {
        "lastModified": 1789149629,
        "narHash": "sha256-H6GwaZzZf+4npqv0tph94w9tZddSjFjmQrVsW0z78uk=",
        "owner": "nixos",
        "repo": "nixpkgs",
        "rev": "eaad089433ca2bb662274377d33df3d0e51ef28b",
        "type": "github"
      },
      "original": {
        "owner": "nixos",
        "ref": "nixos-unstable",
        "repo": "nixpkgs",
        "type": "github"
      }
    },
    "root": {
      "inputs": {
        "flake-programs-sqlite": "flake-programs-sqlite",
        "home-manager": "home-manager",
        "hyprscape": "hyprscape",
        "niri": "niri",
        "nixpkgs": "nixpkgs",
        "rust-overlay": "rust-overlay"
      }
    },
    "rust-overlay": {
      "inputs": {
        "nixpkgs": [
          "nixpkgs"
        ]
      },
      "locked": {
        "lastModified": 1789284144,
        "narHash": "sha256-Slc8gCNYzyuq2f0NIACIYxl55ZeeGcy0SN6LAwixDkY=",
        "owner": "oxalica",
        "repo": "rust-overlay",
        "rev": "9c72e6db1fc10cdb18e5ef01e31c1f4951e197e0",
        "type": "github"
      },
      "original": {
        "owner": "oxalica",
        "repo": "rust-overlay",
        "type": "github"
      }
    },
    "systems": {
      "locked": {
        "lastModified": 1681028828,
        "narHash": "sha256-Vy1rq5AaRuLzOxct8nz4T6wlgyUR7zLU309k9mBC768=",
        "owner": "nix-systems",
        "repo": "default",
        "rev": "da67096a3b9bf56a91d16901293e51ba5b49a27e",
        "type": "github"
      },
      "original": {
        "owner": "nix-systems",
        "repo": "default",
        "type": "github"
      }
    },
    "utils": {
      "inputs": {
        "systems": "systems"
      },
      "locked": {
        "lastModified": 1731533236,
        "narHash": "sha256-l0KFg5HjrsfsO/JpG+r7fRrqm12kzFHyUHqHCVpMMbI=",
        "owner": "numtide",
        "repo": "flake-utils",
        "rev": "11707dc2f618dd54ca8739b309ec4fc024de578b",
        "type": "github"
      },
      "original": {
        "owner": "numtide",
        "repo": "flake-utils",
        "type": "github"
      }
    }
  },
  "root": "root",
  "version": 7
}
